
Microsoft Visual Studio Solution File, Format Version 12.00
# Visual Studio Version 17
VisualStudioVersion = 17.11.35327.3
MinimumVisualStudioVersion = 10.0.40219.1
Project("{FAE04EC0-301F-11D3-BF4B-00C04F79EFBC}") = "Drive.Presentation", "Drive.Presentation\Drive.Presentation.csproj", "{E3EAF56D-645F-43E0-AFC3-5CBF1B991C5C}"
EndProject
Project("{FAE04EC0-301F-11D3-BF4B-00C04F79EFBC}") = "Drive.Domain", "Drive.Domain\Drive.Domain.csproj", "{0B99A4EA-201E-435D-AE4E-64C38396C33F}"
EndProject
Project("{FAE04EC0-301F-11D3-BF4B-00C04F79EFBC}") = "Drive.Data", "Drive.Data\Drive.Data.csproj", "{3BDA4A62-68B5-472A-B72E-498FB9C7D276}"
EndProject
Global
	GlobalSection(SolutionConfigurationPlatforms) = preSolution
		Debug|Any CPU = Debug|Any CPU
		Release|Any CPU = Release|Any CPU
	EndGlobalSection
	GlobalSection(ProjectConfigurationPlatforms) = postSolution
		{E3EAF56D-645F-43E0-AFC3-5CBF1B991C5C}.Debug|Any CPU.ActiveCfg = Debug|Any CPU
		{E3EAF56D-645F-43E0-AFC3-5CBF1B991C5C}.Debug|Any CPU.Build.0 = Debug|Any CPU
		{E3EAF56D-645F-43E0-AFC3-5CBF1B991C5C}.Release|Any CPU.ActiveCfg = Release|Any CPU
		{E3EAF56D-645F-43E0-AFC3-5CBF1B991C5C}.Release|Any CPU.Build.0 = Release|Any CPU
		{0B99A4EA-201E-435D-AE4E-64C38396C33F}.Debug|Any CPU.ActiveCfg = Debug|Any CPU
		{0B99A4EA-201E-435D-AE4E-64C38396C33F}.Debug|Any CPU.Build.0 = Debug|Any CPU
		{0B99A4EA-201E-435D-AE4E-64C38396C33F}.Release|Any CPU.ActiveCfg = Release|Any CPU
		{0B99A4EA-201E-435D-AE4E-64C38396C33F}.Release|Any CPU.Build.0 = Release|Any CPU
		{3BDA4A62-68B5-472A-B72E-498FB9C7D276}.Debug|Any CPU.ActiveCfg = Debug|Any CPU
		{3BDA4A62-68B5-472A-B72E-498FB9C7D276}.Debug|Any CPU.Build.0 = Debug|Any CPU
		{3BDA4A62-68B5-472A-B72E-498FB9C7D276}.Release|Any CPU.ActiveCfg = Release|Any CPU
		{3BDA4A62-68B5-472A-B72E-498FB9C7D276}.Release|Any CPU.Build.0 = Release|Any CPU
	EndGlobalSection
	GlobalSection(SolutionProperties) = preSolution
		HideSolutionNode = FALSE
	EndGlobalSection
	GlobalSection(ExtensibilityGlobals) = postSolution
		SolutionGuid = {3F384D64-63D8-4A13-A2A1-72DC17BD34E6}
	EndGlobalSection
EndGlobal
